
Microsoft Visual Studio Solution File, Format Version 12.00
# Visual Studio Version 17
VisualStudioVersion = 17.0.31903.59
MinimumVisualStudioVersion = 10.0.40219.1
Project("{FAE04EC0-301F-11D3-BF4B-00C04F79EFBC}") = "Apllication", "Api.Application\Apllication.csproj", "{F903147E-A6D0-40F9-94FE-C241E5464FC9}"
EndProject
Project("{FAE04EC0-301F-11D3-BF4B-00C04F79EFBC}") = "Domain", "Api.Domain\Domain.csproj", "{A005859E-8027-4EC4-AAA6-EFF23EE8ABDA}"
EndProject
Project("{FAE04EC0-301F-11D3-BF4B-00C04F79EFBC}") = "Data", "Api.Data\Data.csproj", "{0905F2B3-A489-42FA-968E-B5154BCD3C8D}"
EndProject
Project("{FAE04EC0-301F-11D3-BF4B-00C04F79EFBC}") = "CrossCutting", "Api.CrossCutting\CrossCutting.csproj", "{D0FBBF3F-0306-48CA-86A5-410A5D365EFD}"
EndProject
Project("{FAE04EC0-301F-11D3-BF4B-00C04F79EFBC}") = "Service", "Api.Service\Service.csproj", "{AEA5619E-F3E4-4153-9279-BBCE3F7D50C3}"
EndProject
Global
	GlobalSection(SolutionConfigurationPlatforms) = preSolution
		Debug|Any CPU = Debug|Any CPU
		Release|Any CPU = Release|Any CPU
	EndGlobalSection
	GlobalSection(SolutionProperties) = preSolution
		HideSolutionNode = FALSE
	EndGlobalSection
	GlobalSection(ProjectConfigurationPlatforms) = postSolution
		{F903147E-A6D0-40F9-94FE-C241E5464FC9}.Debug|Any CPU.ActiveCfg = Debug|Any CPU
		{F903147E-A6D0-40F9-94FE-C241E5464FC9}.Debug|Any CPU.Build.0 = Debug|Any CPU
		{F903147E-A6D0-40F9-94FE-C241E5464FC9}.Release|Any CPU.ActiveCfg = Release|Any CPU
		{F903147E-A6D0-40F9-94FE-C241E5464FC9}.Release|Any CPU.Build.0 = Release|Any CPU
		{A005859E-8027-4EC4-AAA6-EFF23EE8ABDA}.Debug|Any CPU.ActiveCfg = Debug|Any CPU
		{A005859E-8027-4EC4-AAA6-EFF23EE8ABDA}.Debug|Any CPU.Build.0 = Debug|Any CPU
		{A005859E-8027-4EC4-AAA6-EFF23EE8ABDA}.Release|Any CPU.ActiveCfg = Release|Any CPU
		{A005859E-8027-4EC4-AAA6-EFF23EE8ABDA}.Release|Any CPU.Build.0 = Release|Any CPU
		{0905F2B3-A489-42FA-968E-B5154BCD3C8D}.Debug|Any CPU.ActiveCfg = Debug|Any CPU
		{0905F2B3-A489-42FA-968E-B5154BCD3C8D}.Debug|Any CPU.Build.0 = Debug|Any CPU
		{0905F2B3-A489-42FA-968E-B5154BCD3C8D}.Release|Any CPU.ActiveCfg = Release|Any CPU
		{0905F2B3-A489-42FA-968E-B5154BCD3C8D}.Release|Any CPU.Build.0 = Release|Any CPU
		{D0FBBF3F-0306-48CA-86A5-410A5D365EFD}.Debug|Any CPU.ActiveCfg = Debug|Any CPU
		{D0FBBF3F-0306-48CA-86A5-410A5D365EFD}.Debug|Any CPU.Build.0 = Debug|Any CPU
		{D0FBBF3F-0306-48CA-86A5-410A5D365EFD}.Release|Any CPU.ActiveCfg = Release|Any CPU
		{D0FBBF3F-0306-48CA-86A5-410A5D365EFD}.Release|Any CPU.Build.0 = Release|Any CPU
		{AEA5619E-F3E4-4153-9279-BBCE3F7D50C3}.Debug|Any CPU.ActiveCfg = Debug|Any CPU
		{AEA5619E-F3E4-4153-9279-BBCE3F7D50C3}.Debug|Any CPU.Build.0 = Debug|Any CPU
		{AEA5619E-F3E4-4153-9279-BBCE3F7D50C3}.Release|Any CPU.ActiveCfg = Release|Any CPU
		{AEA5619E-F3E4-4153-9279-BBCE3F7D50C3}.Release|Any CPU.Build.0 = Release|Any CPU
	EndGlobalSection
EndGlobal
